
Microsoft Visual Studio Solution File, Format Version 12.00
# Visual Studio Version 17
VisualStudioVersion = 17.12.35506.116
MinimumVisualStudioVersion = 10.0.40219.1
Project("{FAE04EC0-301F-11D3-BF4B-00C04F79EFBC}") = "AppHost1", "AppHost1\AppHost1.csproj", "{69BE97ED-DB83-4AAF-BC9B-92FC4BEB6CBF}"
EndProject
Project("{FAE04EC0-301F-11D3-BF4B-00C04F79EFBC}") = "ClassLibrary1", "ClassLibrary1\ClassLibrary1.csproj", "{D53114DF-A4ED-4193-812C-F009BC020B44}"
EndProject
Project("{FAE04EC0-301F-11D3-BF4B-00C04F79EFBC}") = "ClassLibrary2", "ClassLibrary2\ClassLibrary2.csproj", "{51A65A87-B066-4EAA-AB1C-BFB0D00B68F7}"
EndProject
Project("{FAE04EC0-301F-11D3-BF4B-00C04F79EFBC}") = "ConsoleApp1", "ConsoleApp1\ConsoleApp1.csproj", "{D4703750-F798-43C5-8FD9-840EF585CDA7}"
EndProject
Project("{FAE04EC0-301F-11D3-BF4B-00C04F79EFBC}") = "ConsoleApp2", "ConsoleApp2\ConsoleApp2.csproj", "{EEE762B1-BA68-48C5-BD7B-3195E6409E0C}"
EndProject
Project("{FAE04EC0-301F-11D3-BF4B-00C04F79EFBC}") = "Extension2", "Extension2\Extension2.csproj", "{A4DEB3C4-574D-4AF4-9D7B-C5703CBAC780}"
EndProject
Project("{FAE04EC0-301F-11D3-BF4B-00C04F79EFBC}") = "iOSTabbedApp1", "iOSTabbedApp1\iOSTabbedApp1.csproj", "{388AB0A6-F94F-48F6-99DF-41159E9CA443}"
EndProject
Project("{F184B08F-C81C-45F6-A57F-5ABD9991F28F}") = "MacCatalystLib1", "MacCatalystLib1\MacCatalystLib1.vbproj", "{96E98D19-CC2A-4C2B-A76E-BF4523A9AC47}"
EndProject
Project("{8BC9CEB8-8B4A-11D0-8D11-00A0C91BC942}") = "USB Driver1", "USB Driver1\USB Driver1.vcxproj", "{3F91D795-4873-426A-8A06-9AABEBF6A44C}"
EndProject
Project("{8BC9CEB8-8B4A-11D0-8D11-00A0C91BC942}") = "WindowsProject1", "WindowsProject1\WindowsProject1.vcxproj", "{A8DE9F47-5D46-40A5-B790-1BF9891530C8}"
EndProject
Project("{FAE04EC0-301F-11D3-BF4B-00C04F79EFBC}") = "WindowsService1", "WindowsService1\WindowsService1.csproj", "{D6444C21-59AD-4B1F-95E6-DA01D5B3A866}"
EndProject
Project("{F184B08F-C81C-45F6-A57F-5ABD9991F28F}") = "WindowsService2", "WindowsService2\WindowsService2.vbproj", "{78F1778A-1FA8-4600-8E49-4D1A9545985B}"
EndProject
Project("{FAE04EC0-301F-11D3-BF4B-00C04F79EFBC}") = "WorkerService1", "WorkerService1\WorkerService1.csproj", "{0B6626FD-FECF-4C7D-9834-F8125E140A2F}"
EndProject
Project("{F2A71F9B-5D33-465A-A702-920D77279786}") = "WorkerService2", "WorkerService2\WorkerService2.fsproj", "{25756A03-B6CC-45FC-8595-B3724DA1BB34}"
EndProject
Project("{FAE04EC0-301F-11D3-BF4B-00C04F79EFBC}") = "WorkerService3", "WorkerService3\WorkerService3.csproj", "{2C89B983-1DFB-42FC-94D3-AEA4A8706A72}"
EndProject
Project("{F2A71F9B-5D33-465A-A702-920D77279786}") = "WorkerService4", "WorkerService4\WorkerService4.fsproj", "{9BDE80B5-89EF-4FDC-96AF-3373579BF855}"
EndProject
Project("{FAE04EC0-301F-11D3-BF4B-00C04F79EFBC}") = "WorkerService5", "WorkerService5\WorkerService5.csproj", "{48FA4EA8-01BA-4B84-98AC-AA3F789A4E5F}"
EndProject
Project("{FAE04EC0-301F-11D3-BF4B-00C04F79EFBC}") = "WorkerService6", "WorkerService6\WorkerService6.csproj", "{8B98294E-D23C-41DD-B152-1721048B10CA}"
EndProject
Global
	GlobalSection(SolutionConfigurationPlatforms) = preSolution
		Debug|Any CPU = Debug|Any CPU
		Debug|ARM64 = Debug|ARM64
		Debug|x64 = Debug|x64
		Release|Any CPU = Release|Any CPU
		Release|ARM64 = Release|ARM64
		Release|x64 = Release|x64
	EndGlobalSection
	GlobalSection(ProjectConfigurationPlatforms) = postSolution
		{69BE97ED-DB83-4AAF-BC9B-92FC4BEB6CBF}.Debug|Any CPU.ActiveCfg = Debug|Any CPU
		{69BE97ED-DB83-4AAF-BC9B-92FC4BEB6CBF}.Debug|Any CPU.Build.0 = Debug|Any CPU
		{69BE97ED-DB83-4AAF-BC9B-92FC4BEB6CBF}.Debug|ARM64.ActiveCfg = Debug|Any CPU
		{69BE97ED-DB83-4AAF-BC9B-92FC4BEB6CBF}.Debug|ARM64.Build.0 = Debug|Any CPU
		{69BE97ED-DB83-4AAF-BC9B-92FC4BEB6CBF}.Debug|x64.ActiveCfg = Debug|Any CPU
		{69BE97ED-DB83-4AAF-BC9B-92FC4BEB6CBF}.Debug|x64.Build.0 = Debug|Any CPU
		{69BE97ED-DB83-4AAF-BC9B-92FC4BEB6CBF}.Release|Any CPU.ActiveCfg = Release|Any CPU
		{69BE97ED-DB83-4AAF-BC9B-92FC4BEB6CBF}.Release|Any CPU.Build.0 = Release|Any CPU
		{69BE97ED-DB83-4AAF-BC9B-92FC4BEB6CBF}.Release|ARM64.ActiveCfg = Release|Any CPU
		{69BE97ED-DB83-4AAF-BC9B-92FC4BEB6CBF}.Release|ARM64.Build.0 = Release|Any CPU
		{69BE97ED-DB83-4AAF-BC9B-92FC4BEB6CBF}.Release|x64.ActiveCfg = Release|Any CPU
		{69BE97ED-DB83-4AAF-BC9B-92FC4BEB6CBF}.Release|x64.Build.0 = Release|Any CPU
		{D53114DF-A4ED-4193-812C-F009BC020B44}.Debug|Any CPU.ActiveCfg = Debug|Any CPU
		{D53114DF-A4ED-4193-812C-F009BC020B44}.Debug|Any CPU.Build.0 = Debug|Any CPU
		{D53114DF-A4ED-4193-812C-F009BC020B44}.Debug|ARM64.ActiveCfg = Debug|Any CPU
		{D53114DF-A4ED-4193-812C-F009BC020B44}.Debug|ARM64.Build.0 = Debug|Any CPU
		{D53114DF-A4ED-4193-812C-F009BC020B44}.Debug|x64.ActiveCfg = Debug|Any CPU
		{D53114DF-A4ED-4193-812C-F009BC020B44}.Debug|x64.Build.0 = Debug|Any CPU
		{D53114DF-A4ED-4193-812C-F009BC020B44}.Release|Any CPU.ActiveCfg = Release|Any CPU
		{D53114DF-A4ED-4193-812C-F009BC020B44}.Release|Any CPU.Build.0 = Release|Any CPU
		{D53114DF-A4ED-4193-812C-F009BC020B44}.Release|ARM64.ActiveCfg = Release|Any CPU
		{D53114DF-A4ED-4193-812C-F009BC020B44}.Release|ARM64.Build.0 = Release|Any CPU
		{D53114DF-A4ED-4193-812C-F009BC020B44}.Release|x64.ActiveCfg = Release|Any CPU
		{D53114DF-A4ED-4193-812C-F009BC020B44}.Release|x64.Build.0 = Release|Any CPU
		{51A65A87-B066-4EAA-AB1C-BFB0D00B68F7}.Debug|Any CPU.ActiveCfg = Debug|Any CPU
		{51A65A87-B066-4EAA-AB1C-BFB0D00B68F7}.Debug|Any CPU.Build.0 = Debug|Any CPU
		{51A65A87-B066-4EAA-AB1C-BFB0D00B68F7}.Debug|ARM64.ActiveCfg = Debug|Any CPU
		{51A65A87-B066-4EAA-AB1C-BFB0D00B68F7}.Debug|ARM64.Build.0 = Debug|Any CPU
		{51A65A87-B066-4EAA-AB1C-BFB0D00B68F7}.Debug|x64.ActiveCfg = Debug|Any CPU
		{51A65A87-B066-4EAA-AB1C-BFB0D00B68F7}.Debug|x64.Build.0 = Debug|Any CPU
		{51A65A87-B066-4EAA-AB1C-BFB0D00B68F7}.Release|Any CPU.ActiveCfg = Release|Any CPU
		{51A65A87-B066-4EAA-AB1C-BFB0D00B68F7}.Release|Any CPU.Build.0 = Release|Any CPU
		{51A65A87-B066-4EAA-AB1C-BFB0D00B68F7}.Release|ARM64.ActiveCfg = Release|Any CPU
		{51A65A87-B066-4EAA-AB1C-BFB0D00B68F7}.Release|ARM64.Build.0 = Release|Any CPU
		{51A65A87-B066-4EAA-AB1C-BFB0D00B68F7}.Release|x64.ActiveCfg = Release|Any CPU
		{51A65A87-B066-4EAA-AB1C-BFB0D00B68F7}.Release|x64.Build.0 = Release|Any CPU
		{D4703750-F798-43C5-8FD9-840EF585CDA7}.Debug|Any CPU.ActiveCfg = Debug|Any CPU
		{D4703750-F798-43C5-8FD9-840EF585CDA7}.Debug|Any CPU.Build.0 = Debug|Any CPU
		{D4703750-F798-43C5-8FD9-840EF585CDA7}.Debug|ARM64.ActiveCfg = Debug|Any CPU
		{D4703750-F798-43C5-8FD9-840EF585CDA7}.Debug|ARM64.Build.0 = Debug|Any CPU
		{D4703750-F798-43C5-8FD9-840EF585CDA7}.Debug|x64.ActiveCfg = Debug|Any CPU
		{D4703750-F798-43C5-8FD9-840EF585CDA7}.Debug|x64.Build.0 = Debug|Any CPU
		{D4703750-F798-43C5-8FD9-840EF585CDA7}.Release|Any CPU.ActiveCfg = Release|Any CPU
		{D4703750-F798-43C5-8FD9-840EF585CDA7}.Release|Any CPU.Build.0 = Release|Any CPU
		{D4703750-F798-43C5-8FD9-840EF585CDA7}.Release|ARM64.ActiveCfg = Release|Any CPU
		{D4703750-F798-43C5-8FD9-840EF585CDA7}.Release|ARM64.Build.0 = Release|Any CPU
		{D4703750-F798-43C5-8FD9-840EF585CDA7}.Release|x64.ActiveCfg = Release|Any CPU
		{D4703750-F798-43C5-8FD9-840EF585CDA7}.Release|x64.Build.0 = Release|Any CPU
		{EEE762B1-BA68-48C5-BD7B-3195E6409E0C}.Debug|Any CPU.ActiveCfg = Debug|Any CPU
		{EEE762B1-BA68-48C5-BD7B-3195E6409E0C}.Debug|Any CPU.Build.0 = Debug|Any CPU
		{EEE762B1-BA68-48C5-BD7B-3195E6409E0C}.Debug|ARM64.ActiveCfg = Debug|Any CPU
		{EEE762B1-BA68-48C5-BD7B-3195E6409E0C}.Debug|ARM64.Build.0 = Debug|Any CPU
		{EEE762B1-BA68-48C5-BD7B-3195E6409E0C}.Debug|x64.ActiveCfg = Debug|Any CPU
		{EEE762B1-BA68-48C5-BD7B-3195E6409E0C}.Debug|x64.Build.0 = Debug|Any CPU
		{EEE762B1-BA68-48C5-BD7B-3195E6409E0C}.Release|Any CPU.ActiveCfg = Release|Any CPU
		{EEE762B1-BA68-48C5-BD7B-3195E6409E0C}.Release|Any CPU.Build.0 = Release|Any CPU
		{EEE762B1-BA68-48C5-BD7B-3195E6409E0C}.Release|ARM64.ActiveCfg = Release|Any CPU
		{EEE762B1-BA68-48C5-BD7B-3195E6409E0C}.Release|ARM64.Build.0 = Release|Any CPU
		{EEE762B1-BA68-48C5-BD7B-3195E6409E0C}.Release|x64.ActiveCfg = Release|Any CPU
		{EEE762B1-BA68-48C5-BD7B-3195E6409E0C}.Release|x64.Build.0 = Release|Any CPU
		{A4DEB3C4-574D-4AF4-9D7B-C5703CBAC780}.Debug|Any CPU.ActiveCfg = Debug|iPhoneSimulator
		{A4DEB3C4-574D-4AF4-9D7B-C5703CBAC780}.Debug|Any CPU.Build.0 = Debug|iPhoneSimulator
		{A4DEB3C4-574D-4AF4-9D7B-C5703CBAC780}.Debug|ARM64.ActiveCfg = Debug|iPhoneSimulator
		{A4DEB3C4-574D-4AF4-9D7B-C5703CBAC780}.Debug|ARM64.Build.0 = Debug|iPhoneSimulator
		{A4DEB3C4-574D-4AF4-9D7B-C5703CBAC780}.Debug|x64.ActiveCfg = Debug|iPhoneSimulator
		{A4DEB3C4-574D-4AF4-9D7B-C5703CBAC780}.Debug|x64.Build.0 = Debug|iPhoneSimulator
		{A4DEB3C4-574D-4AF4-9D7B-C5703CBAC780}.Release|Any CPU.ActiveCfg = Release|iPhoneSimulator
		{A4DEB3C4-574D-4AF4-9D7B-C5703CBAC780}.Release|Any CPU.Build.0 = Release|iPhoneSimulator
		{A4DEB3C4-574D-4AF4-9D7B-C5703CBAC780}.Release|ARM64.ActiveCfg = Release|iPhoneSimulator
		{A4DEB3C4-574D-4AF4-9D7B-C5703CBAC780}.Release|ARM64.Build.0 = Release|iPhoneSimulator
		{A4DEB3C4-574D-4AF4-9D7B-C5703CBAC780}.Release|x64.ActiveCfg = Release|iPhoneSimulator
		{A4DEB3C4-574D-4AF4-9D7B-C5703CBAC780}.Release|x64.Build.0 = Release|iPhoneSimulator
		{388AB0A6-F94F-48F6-99DF-41159E9CA443}.Debug|Any CPU.ActiveCfg = Debug|Any CPU
		{388AB0A6-F94F-48F6-99DF-41159E9CA443}.Debug|Any CPU.Build.0 = Debug|Any CPU
		{388AB0A6-F94F-48F6-99DF-41159E9CA443}.Debug|Any CPU.Deploy.0 = Debug|Any CPU
		{388AB0A6-F94F-48F6-99DF-41159E9CA443}.Debug|ARM64.ActiveCfg = Debug|Any CPU
		{388AB0A6-F94F-48F6-99DF-41159E9CA443}.Debug|ARM64.Build.0 = Debug|Any CPU
		{388AB0A6-F94F-48F6-99DF-41159E9CA443}.Debug|ARM64.Deploy.0 = Debug|Any CPU
		{388AB0A6-F94F-48F6-99DF-41159E9CA443}.Debug|x64.ActiveCfg = Debug|Any CPU
		{388AB0A6-F94F-48F6-99DF-41159E9CA443}.Debug|x64.Build.0 = Debug|Any CPU
		{388AB0A6-F94F-48F6-99DF-41159E9CA443}.Debug|x64.Deploy.0 = Debug|Any CPU
		{388AB0A6-F94F-48F6-99DF-41159E9CA443}.Release|Any CPU.ActiveCfg = Release|Any CPU
		{388AB0A6-F94F-48F6-99DF-41159E9CA443}.Release|Any CPU.Build.0 = Release|Any CPU
		{388AB0A6-F94F-48F6-99DF-41159E9CA443}.Release|Any CPU.Deploy.0 = Release|Any CPU
		{388AB0A6-F94F-48F6-99DF-41159E9CA443}.Release|ARM64.ActiveCfg = Release|Any CPU
		{388AB0A6-F94F-48F6-99DF-41159E9CA443}.Release|ARM64.Build.0 = Release|Any CPU
		{388AB0A6-F94F-48F6-99DF-41159E9CA443}.Release|ARM64.Deploy.0 = Release|Any CPU
		{388AB0A6-F94F-48F6-99DF-41159E9CA443}.Release|x64.ActiveCfg = Release|Any CPU
		{388AB0A6-F94F-48F6-99DF-41159E9CA443}.Release|x64.Build.0 = Release|Any CPU
		{388AB0A6-F94F-48F6-99DF-41159E9CA443}.Release|x64.Deploy.0 = Release|Any CPU
		{96E98D19-CC2A-4C2B-A76E-BF4523A9AC47}.Debug|Any CPU.ActiveCfg = Debug|Any CPU
		{96E98D19-CC2A-4C2B-A76E-BF4523A9AC47}.Debug|Any CPU.Build.0 = Debug|Any CPU
		{96E98D19-CC2A-4C2B-A76E-BF4523A9AC47}.Debug|ARM64.ActiveCfg = Debug|Any CPU
		{96E98D19-CC2A-4C2B-A76E-BF4523A9AC47}.Debug|ARM64.Build.0 = Debug|Any CPU
		{96E98D19-CC2A-4C2B-A76E-BF4523A9AC47}.Debug|x64.ActiveCfg = Debug|Any CPU
		{96E98D19-CC2A-4C2B-A76E-BF4523A9AC47}.Debug|x64.Build.0 = Debug|Any CPU
		{96E98D19-CC2A-4C2B-A76E-BF4523A9AC47}.Release|Any CPU.ActiveCfg = Release|Any CPU
		{96E98D19-CC2A-4C2B-A76E-BF4523A9AC47}.Release|Any CPU.Build.0 = Release|Any CPU
		{96E98D19-CC2A-4C2B-A76E-BF4523A9AC47}.Release|ARM64.ActiveCfg = Release|Any CPU
		{96E98D19-CC2A-4C2B-A76E-BF4523A9AC47}.Release|ARM64.Build.0 = Release|Any CPU
		{96E98D19-CC2A-4C2B-A76E-BF4523A9AC47}.Release|x64.ActiveCfg = Release|Any CPU
		{96E98D19-CC2A-4C2B-A76E-BF4523A9AC47}.Release|x64.Build.0 = Release|Any CPU
		{3F91D795-4873-426A-8A06-9AABEBF6A44C}.Debug|Any CPU.ActiveCfg = Debug|x64
		{3F91D795-4873-426A-8A06-9AABEBF6A44C}.Debug|Any CPU.Build.0 = Debug|x64
		{3F91D795-4873-426A-8A06-9AABEBF6A44C}.Debug|Any CPU.Deploy.0 = Debug|x64
		{3F91D795-4873-426A-8A06-9AABEBF6A44C}.Debug|ARM64.ActiveCfg = Debug|ARM64
		{3F91D795-4873-426A-8A06-9AABEBF6A44C}.Debug|ARM64.Build.0 = Debug|ARM64
		{3F91D795-4873-426A-8A06-9AABEBF6A44C}.Debug|ARM64.Deploy.0 = Debug|ARM64
		{3F91D795-4873-426A-8A06-9AABEBF6A44C}.Debug|x64.ActiveCfg = Debug|x64
		{3F91D795-4873-426A-8A06-9AABEBF6A44C}.Debug|x64.Build.0 = Debug|x64
		{3F91D795-4873-426A-8A06-9AABEBF6A44C}.Debug|x64.Deploy.0 = Debug|x64
		{3F91D795-4873-426A-8A06-9AABEBF6A44C}.Release|Any CPU.ActiveCfg = Release|x64
		{3F91D795-4873-426A-8A06-9AABEBF6A44C}.Release|Any CPU.Build.0 = Release|x64
		{3F91D795-4873-426A-8A06-9AABEBF6A44C}.Release|Any CPU.Deploy.0 = Release|x64
		{3F91D795-4873-426A-8A06-9AABEBF6A44C}.Release|ARM64.ActiveCfg = Release|ARM64
		{3F91D795-4873-426A-8A06-9AABEBF6A44C}.Release|ARM64.Build.0 = Release|ARM64
		{3F91D795-4873-426A-8A06-9AABEBF6A44C}.Release|ARM64.Deploy.0 = Release|ARM64
		{3F91D795-4873-426A-8A06-9AABEBF6A44C}.Release|x64.ActiveCfg = Release|x64
		{3F91D795-4873-426A-8A06-9AABEBF6A44C}.Release|x64.Build.0 = Release|x64
		{3F91D795-4873-426A-8A06-9AABEBF6A44C}.Release|x64.Deploy.0 = Release|x64
		{A8DE9F47-5D46-40A5-B790-1BF9891530C8}.Debug|Any CPU.ActiveCfg = Debug|x64
		{A8DE9F47-5D46-40A5-B790-1BF9891530C8}.Debug|Any CPU.Build.0 = Debug|x64
		{A8DE9F47-5D46-40A5-B790-1BF9891530C8}.Debug|ARM64.ActiveCfg = Debug|x64
		{A8DE9F47-5D46-40A5-B790-1BF9891530C8}.Debug|ARM64.Build.0 = Debug|x64
		{A8DE9F47-5D46-40A5-B790-1BF9891530C8}.Debug|x64.ActiveCfg = Debug|x64
		{A8DE9F47-5D46-40A5-B790-1BF9891530C8}.Debug|x64.Build.0 = Debug|x64
		{A8DE9F47-5D46-40A5-B790-1BF9891530C8}.Release|Any CPU.ActiveCfg = Release|x64
		{A8DE9F47-5D46-40A5-B790-1BF9891530C8}.Release|Any CPU.Build.0 = Release|x64
		{A8DE9F47-5D46-40A5-B790-1BF9891530C8}.Release|ARM64.ActiveCfg = Release|x64
		{A8DE9F47-5D46-40A5-B790-1BF9891530C8}.Release|ARM64.Build.0 = Release|x64
		{A8DE9F47-5D46-40A5-B790-1BF9891530C8}.Release|x64.ActiveCfg = Release|x64
		{A8DE9F47-5D46-40A5-B790-1BF9891530C8}.Release|x64.Build.0 = Release|x64
		{D6444C21-59AD-4B1F-95E6-DA01D5B3A866}.Debug|Any CPU.ActiveCfg = Debug|Any CPU
		{D6444C21-59AD-4B1F-95E6-DA01D5B3A866}.Debug|Any CPU.Build.0 = Debug|Any CPU
		{D6444C21-59AD-4B1F-95E6-DA01D5B3A866}.Debug|ARM64.ActiveCfg = Debug|Any CPU
		{D6444C21-59AD-4B1F-95E6-DA01D5B3A866}.Debug|ARM64.Build.0 = Debug|Any CPU
		{D6444C21-59AD-4B1F-95E6-DA01D5B3A866}.Debug|x64.ActiveCfg = Debug|Any CPU
		{D6444C21-59AD-4B1F-95E6-DA01D5B3A866}.Debug|x64.Build.0 = Debug|Any CPU
		{D6444C21-59AD-4B1F-95E6-DA01D5B3A866}.Release|Any CPU.ActiveCfg = Release|Any CPU
		{D6444C21-59AD-4B1F-95E6-DA01D5B3A866}.Release|Any CPU.Build.0 = Release|Any CPU
		{D6444C21-59AD-4B1F-95E6-DA01D5B3A866}.Release|ARM64.ActiveCfg = Release|Any CPU
		{D6444C21-59AD-4B1F-95E6-DA01D5B3A866}.Release|ARM64.Build.0 = Release|Any CPU
		{D6444C21-59AD-4B1F-95E6-DA01D5B3A866}.Release|x64.ActiveCfg = Release|Any CPU
		{D6444C21-59AD-4B1F-95E6-DA01D5B3A866}.Release|x64.Build.0 = Release|Any CPU
		{78F1778A-1FA8-4600-8E49-4D1A9545985B}.Debug|Any CPU.ActiveCfg = Debug|Any CPU
		{78F1778A-1FA8-4600-8E49-4D1A9545985B}.Debug|Any CPU.Build.0 = Debug|Any CPU
		{78F1778A-1FA8-4600-8E49-4D1A9545985B}.Debug|ARM64.ActiveCfg = Debug|Any CPU
		{78F1778A-1FA8-4600-8E49-4D1A9545985B}.Debug|ARM64.Build.0 = Debug|Any CPU
		{78F1778A-1FA8-4600-8E49-4D1A9545985B}.Debug|x64.ActiveCfg = Debug|Any CPU
		{78F1778A-1FA8-4600-8E49-4D1A9545985B}.Debug|x64.Build.0 = Debug|Any CPU
		{78F1778A-1FA8-4600-8E49-4D1A9545985B}.Release|Any CPU.ActiveCfg = Release|Any CPU
		{78F1778A-1FA8-4600-8E49-4D1A9545985B}.Release|Any CPU.Build.0 = Release|Any CPU
		{78F1778A-1FA8-4600-8E49-4D1A9545985B}.Release|ARM64.ActiveCfg = Release|Any CPU
		{78F1778A-1FA8-4600-8E49-4D1A9545985B}.Release|ARM64.Build.0 = Release|Any CPU
		{78F1778A-1FA8-4600-8E49-4D1A9545985B}.Release|x64.ActiveCfg = Release|Any CPU
		{78F1778A-1FA8-4600-8E49-4D1A9545985B}.Release|x64.Build.0 = Release|Any CPU
		{0B6626FD-FECF-4C7D-9834-F8125E140A2F}.Debug|Any CPU.ActiveCfg = Debug|Any CPU
		{0B6626FD-FECF-4C7D-9834-F8125E140A2F}.Debug|Any CPU.Build.0 = Debug|Any CPU
		{0B6626FD-FECF-4C7D-9834-F8125E140A2F}.Debug|ARM64.ActiveCfg = Debug|Any CPU
		{0B6626FD-FECF-4C7D-9834-F8125E140A2F}.Debug|ARM64.Build.0 = Debug|Any CPU
		{0B6626FD-FECF-4C7D-9834-F8125E140A2F}.Debug|x64.ActiveCfg = Debug|Any CPU
		{0B6626FD-FECF-4C7D-9834-F8125E140A2F}.Debug|x64.Build.0 = Debug|Any CPU
		{0B6626FD-FECF-4C7D-9834-F8125E140A2F}.Release|Any CPU.ActiveCfg = Release|Any CPU
		{0B6626FD-FECF-4C7D-9834-F8125E140A2F}.Release|Any CPU.Build.0 = Release|Any CPU
		{0B6626FD-FECF-4C7D-9834-F8125E140A2F}.Release|ARM64.ActiveCfg = Release|Any CPU
		{0B6626FD-FECF-4C7D-9834-F8125E140A2F}.Release|ARM64.Build.0 = Release|Any CPU
		{0B6626FD-FECF-4C7D-9834-F8125E140A2F}.Release|x64.ActiveCfg = Release|Any CPU
		{0B6626FD-FECF-4C7D-9834-F8125E140A2F}.Release|x64.Build.0 = Release|Any CPU
		{25756A03-B6CC-45FC-8595-B3724DA1BB34}.Debug|Any CPU.ActiveCfg = Debug|Any CPU
		{25756A03-B6CC-45FC-8595-B3724DA1BB34}.Debug|Any CPU.Build.0 = Debug|Any CPU
		{25756A03-B6CC-45FC-8595-B3724DA1BB34}.Debug|ARM64.ActiveCfg = Debug|Any CPU
		{25756A03-B6CC-45FC-8595-B3724DA1BB34}.Debug|ARM64.Build.0 = Debug|Any CPU
		{25756A03-B6CC-45FC-8595-B3724DA1BB34}.Debug|x64.ActiveCfg = Debug|Any CPU
		{25756A03-B6CC-45FC-8595-B3724DA1BB34}.Debug|x64.Build.0 = Debug|Any CPU
		{25756A03-B6CC-45FC-8595-B3724DA1BB34}.Release|Any CPU.ActiveCfg = Release|Any CPU
		{25756A03-B6CC-45FC-8595-B3724DA1BB34}.Release|Any CPU.Build.0 = Release|Any CPU
		{25756A03-B6CC-45FC-8595-B3724DA1BB34}.Release|ARM64.ActiveCfg = Release|Any CPU
		{25756A03-B6CC-45FC-8595-B3724DA1BB34}.Release|ARM64.Build.0 = Release|Any CPU
		{25756A03-B6CC-45FC-8595-B3724DA1BB34}.Release|x64.ActiveCfg = Release|Any CPU
		{25756A03-B6CC-45FC-8595-B3724DA1BB34}.Release|x64.Build.0 = Release|Any CPU
		{2C89B983-1DFB-42FC-94D3-AEA4A8706A72}.Debug|Any CPU.ActiveCfg = Debug|Any CPU
		{2C89B983-1DFB-42FC-94D3-AEA4A8706A72}.Debug|Any CPU.Build.0 = Debug|Any CPU
		{2C89B983-1DFB-42FC-94D3-AEA4A8706A72}.Debug|ARM64.ActiveCfg = Debug|Any CPU
		{2C89B983-1DFB-42FC-94D3-AEA4A8706A72}.Debug|ARM64.Build.0 = Debug|Any CPU
		{2C89B983-1DFB-42FC-94D3-AEA4A8706A72}.Debug|x64.ActiveCfg = Debug|Any CPU
		{2C89B983-1DFB-42FC-94D3-AEA4A8706A72}.Debug|x64.Build.0 = Debug|Any CPU
		{2C89B983-1DFB-42FC-94D3-AEA4A8706A72}.Release|Any CPU.ActiveCfg = Release|Any CPU
		{2C89B983-1DFB-42FC-94D3-AEA4A8706A72}.Release|Any CPU.Build.0 = Release|Any CPU
		{2C89B983-1DFB-42FC-94D3-AEA4A8706A72}.Release|ARM64.ActiveCfg = Release|Any CPU
		{2C89B983-1DFB-42FC-94D3-AEA4A8706A72}.Release|ARM64.Build.0 = Release|Any CPU
		{2C89B983-1DFB-42FC-94D3-AEA4A8706A72}.Release|x64.ActiveCfg = Release|Any CPU
		{2C89B983-1DFB-42FC-94D3-AEA4A8706A72}.Release|x64.Build.0 = Release|Any CPU
		{9BDE80B5-89EF-4FDC-96AF-3373579BF855}.Debug|Any CPU.ActiveCfg = Debug|Any CPU
		{9BDE80B5-89EF-4FDC-96AF-3373579BF855}.Debug|Any CPU.Build.0 = Debug|Any CPU
		{9BDE80B5-89EF-4FDC-96AF-3373579BF855}.Debug|ARM64.ActiveCfg = Debug|Any CPU
		{9BDE80B5-89EF-4FDC-96AF-3373579BF855}.Debug|ARM64.Build.0 = Debug|Any CPU
		{9BDE80B5-89EF-4FDC-96AF-3373579BF855}.Debug|x64.ActiveCfg = Debug|Any CPU
		{9BDE80B5-89EF-4FDC-96AF-3373579BF855}.Debug|x64.Build.0 = Debug|Any CPU
		{9BDE80B5-89EF-4FDC-96AF-3373579BF855}.Release|Any CPU.ActiveCfg = Release|Any CPU
		{9BDE80B5-89EF-4FDC-96AF-3373579BF855}.Release|Any CPU.Build.0 = Release|Any CPU
		{9BDE80B5-89EF-4FDC-96AF-3373579BF855}.Release|ARM64.ActiveCfg = Release|Any CPU
		{9BDE80B5-89EF-4FDC-96AF-3373579BF855}.Release|ARM64.Build.0 = Release|Any CPU
		{9BDE80B5-89EF-4FDC-96AF-3373579BF855}.Release|x64.ActiveCfg = Release|Any CPU
		{9BDE80B5-89EF-4FDC-96AF-3373579BF855}.Release|x64.Build.0 = Release|Any CPU
		{48FA4EA8-01BA-4B84-98AC-AA3F789A4E5F}.Debug|Any CPU.ActiveCfg = Debug|Any CPU
		{48FA4EA8-01BA-4B84-98AC-AA3F789A4E5F}.Debug|Any CPU.Build.0 = Debug|Any CPU
		{48FA4EA8-01BA-4B84-98AC-AA3F789A4E5F}.Debug|ARM64.ActiveCfg = Debug|Any CPU
		{48FA4EA8-01BA-4B84-98AC-AA3F789A4E5F}.Debug|ARM64.Build.0 = Debug|Any CPU
		{48FA4EA8-01BA-4B84-98AC-AA3F789A4E5F}.Debug|x64.ActiveCfg = Debug|Any CPU
		{48FA4EA8-01BA-4B84-98AC-AA3F789A4E5F}.Debug|x64.Build.0 = Debug|Any CPU
		{48FA4EA8-01BA-4B84-98AC-AA3F789A4E5F}.Release|Any CPU.ActiveCfg = Release|Any CPU
		{48FA4EA8-01BA-4B84-98AC-AA3F789A4E5F}.Release|Any CPU.Build.0 = Release|Any CPU
		{48FA4EA8-01BA-4B84-98AC-AA3F789A4E5F}.Release|ARM64.ActiveCfg = Release|Any CPU
		{48FA4EA8-01BA-4B84-98AC-AA3F789A4E5F}.Release|ARM64.Build.0 = Release|Any CPU
		{48FA4EA8-01BA-4B84-98AC-AA3F789A4E5F}.Release|x64.ActiveCfg = Release|Any CPU
		{48FA4EA8-01BA-4B84-98AC-AA3F789A4E5F}.Release|x64.Build.0 = Release|Any CPU
		{8B98294E-D23C-41DD-B152-1721048B10CA}.Debug|Any CPU.ActiveCfg = Debug|Any CPU
		{8B98294E-D23C-41DD-B152-1721048B10CA}.Debug|Any CPU.Build.0 = Debug|Any CPU
		{8B98294E-D23C-41DD-B152-1721048B10CA}.Debug|ARM64.ActiveCfg = Debug|Any CPU
		{8B98294E-D23C-41DD-B152-1721048B10CA}.Debug|ARM64.Build.0 = Debug|Any CPU
		{8B98294E-D23C-41DD-B152-1721048B10CA}.Debug|x64.ActiveCfg = Debug|Any CPU
		{8B98294E-D23C-41DD-B152-1721048B10CA}.Debug|x64.Build.0 = Debug|Any CPU
		{8B98294E-D23C-41DD-B152-1721048B10CA}.Release|Any CPU.ActiveCfg = Release|Any CPU
		{8B98294E-D23C-41DD-B152-1721048B10CA}.Release|Any CPU.Build.0 = Release|Any CPU
		{8B98294E-D23C-41DD-B152-1721048B10CA}.Release|ARM64.ActiveCfg = Release|Any CPU
		{8B98294E-D23C-41DD-B152-1721048B10CA}.Release|ARM64.Build.0 = Release|Any CPU
		{8B98294E-D23C-41DD-B152-1721048B10CA}.Release|x64.ActiveCfg = Release|Any CPU
		{8B98294E-D23C-41DD-B152-1721048B10CA}.Release|x64.Build.0 = Release|Any CPU
	EndGlobalSection
	GlobalSection(SolutionProperties) = preSolution
		HideSolutionNode = FALSE
	EndGlobalSection
EndGlobal
